<?xml version="1.0" encoding="utf-8"?>
<Project ToolsVersion="4.0" xmlns="http://schemas.microsoft.com/developer/msbuild/2003">
  <ItemGroup>
    <Filter Include="Source Files">
      <UniqueIdentifier>{80c08719-1771-41b2-b5e5-1c5f1915242a}</UniqueIdentifier>
      <Extensions>cpp;c;cxx;rc;def;r;odl;idl;hpj;bat</Extensions>
    </Filter>
    <Filter Include="Header Files">
      <UniqueIdentifier>{c3801af8-d815-4c84-b079-6b02d9abd197}</UniqueIdentifier>
      <Extensions>h;hpp;hxx;hm;inl</Extensions>
    </Filter>
    <Filter Include="Resource Files">
      <UniqueIdentifier>{63c83dde-23a3-442d-b593-e3b723b83126}</UniqueIdentifier>
      <Extensions>ico;cur;bmp;dlg;rc2;rct;bin;rgs;gif;jpg;jpeg;jpe</Extensions>
    </Filter>
  </ItemGroup>
  <ItemGroup>
    <ClCompile Include="gmp.c">
      <Filter>Source Files</Filter>
    </ClCompile>
    <ClCompile Include="gtp.c">
      <Filter>Source Files</Filter>
    </ClCompile>
    <ClCompile Include="main.c">
      <Filter>Source Files</Filter>
    </ClCompile>
    <ClCompile Include="play_ascii.c">
      <Filter>Source Files</Filter>
    </ClCompile>
    <ClCompile Include="play_gmp.c">
      <Filter>Source Files</Filter>
    </ClCompile>
    <ClCompile Include="play_gtp.c">
      <Filter>Source Files</Filter>
    </ClCompile>
    <ClCompile Include="play_solo.c">
      <Filter>Source Files</Filter>
    </ClCompile>
    <ClCompile Include="play_test.c">
      <Filter>Source Files</Filter>
    </ClCompile>
  </ItemGroup>
</Project>