
Microsoft Visual Studio Solution File, Format Version 12.00
# Visual Studio 2017
Project("{FAE04EC0-301F-11D3-BF4B-00C04F79EFBC}") = "SDGGo", "SDGGo.csproj", "{850DD4F1-5E31-08A9-355F-4AAA3037FE7D}"
EndProject
Global
	GlobalSection(SolutionConfigurationPlatforms) = preSolution
		Debug|Any CPU = Debug|Any CPU
		Release|Any CPU = Release|Any CPU
	EndGlobalSection
	GlobalSection(ProjectConfigurationPlatforms) = postSolution
		{850DD4F1-5E31-08A9-355F-4AAA3037FE7D}.Debug|Any CPU.ActiveCfg = Debug|Any CPU
		{850DD4F1-5E31-08A9-355F-4AAA3037FE7D}.Debug|Any CPU.Build.0 = Debug|Any CPU
		{850DD4F1-5E31-08A9-355F-4AAA3037FE7D}.Release|Any CPU.ActiveCfg = Release|Any CPU
		{850DD4F1-5E31-08A9-355F-4AAA3037FE7D}.Release|Any CPU.Build.0 = Release|Any CPU
	EndGlobalSection
	GlobalSection(SolutionProperties) = preSolution
		HideSolutionNode = FALSE
	EndGlobalSection
EndGlobal
